
Microsoft Visual Studio Solution File, Format Version 12.00
# Visual Studio Version 17
VisualStudioVersion = 17.7.34031.279
MinimumVisualStudioVersion = 10.0.40219.1
Project("{888888A0-9F3D-457C-B088-3A5042F75D52}") = "Ordenar peine", "Ordenar peine\Ordenar peine.pyproj", "{ED4218E5-42F2-4135-BB0A-3649E437CFB1}"
EndProject
Global
	GlobalSection(SolutionConfigurationPlatforms) = preSolution
		Debug|Any CPU = Debug|Any CPU
		Release|Any CPU = Release|Any CPU
	EndGlobalSection
	GlobalSection(ProjectConfigurationPlatforms) = postSolution
		{ED4218E5-42F2-4135-BB0A-3649E437CFB1}.Debug|Any CPU.ActiveCfg = Debug|Any CPU
		{ED4218E5-42F2-4135-BB0A-3649E437CFB1}.Release|Any CPU.ActiveCfg = Release|Any CPU
	EndGlobalSection
	GlobalSection(SolutionProperties) = preSolution
		HideSolutionNode = FALSE
	EndGlobalSection
	GlobalSection(ExtensibilityGlobals) = postSolution
		SolutionGuid = {6EB0F6CD-89DE-42C7-A10D-D6E9DCDDC784}
	EndGlobalSection
EndGlobal
