
Microsoft Visual Studio Solution File, Format Version 12.00
# Visual Studio Version 17
VisualStudioVersion = 17.7.34031.279
MinimumVisualStudioVersion = 10.0.40219.1
Project("{888888A0-9F3D-457C-B088-3A5042F75D52}") = "Ordenación de inserción adaptativa", "Ordenación de inserción adaptativa\Ordenación de inserción adaptativa.pyproj", "{2D06D8C4-0DB1-4346-9C87-474A9A3D5300}"
EndProject
Global
	GlobalSection(SolutionConfigurationPlatforms) = preSolution
		Debug|Any CPU = Debug|Any CPU
		Release|Any CPU = Release|Any CPU
	EndGlobalSection
	GlobalSection(ProjectConfigurationPlatforms) = postSolution
		{2D06D8C4-0DB1-4346-9C87-474A9A3D5300}.Debug|Any CPU.ActiveCfg = Debug|Any CPU
		{2D06D8C4-0DB1-4346-9C87-474A9A3D5300}.Release|Any CPU.ActiveCfg = Release|Any CPU
	EndGlobalSection
	GlobalSection(SolutionProperties) = preSolution
		HideSolutionNode = FALSE
	EndGlobalSection
	GlobalSection(ExtensibilityGlobals) = postSolution
		SolutionGuid = {C6CE4047-9A23-45B5-8EFD-27D892353587}
	EndGlobalSection
EndGlobal
