
Microsoft Visual Studio Solution File, Format Version 12.00
# Visual Studio Version 17
VisualStudioVersion = 17.7.34031.279
MinimumVisualStudioVersion = 10.0.40219.1
Project("{888888A0-9F3D-457C-B088-3A5042F75D52}") = "Clasificación de burbujas optimizada", "Clasificación de burbujas optimizada\Clasificación de burbujas optimizada.pyproj", "{76933D5D-9A84-40AB-B6F3-A4F76BD1E4AB}"
EndProject
Global
	GlobalSection(SolutionConfigurationPlatforms) = preSolution
		Debug|Any CPU = Debug|Any CPU
		Release|Any CPU = Release|Any CPU
	EndGlobalSection
	GlobalSection(ProjectConfigurationPlatforms) = postSolution
		{76933D5D-9A84-40AB-B6F3-A4F76BD1E4AB}.Debug|Any CPU.ActiveCfg = Debug|Any CPU
		{76933D5D-9A84-40AB-B6F3-A4F76BD1E4AB}.Release|Any CPU.ActiveCfg = Release|Any CPU
	EndGlobalSection
	GlobalSection(SolutionProperties) = preSolution
		HideSolutionNode = FALSE
	EndGlobalSection
	GlobalSection(ExtensibilityGlobals) = postSolution
		SolutionGuid = {5574508D-DAD2-412E-AA8B-A450A323A133}
	EndGlobalSection
EndGlobal
