
Microsoft Visual Studio Solution File, Format Version 12.00
# Visual Studio Version 17
VisualStudioVersion = 17.7.34031.279
MinimumVisualStudioVersion = 10.0.40219.1
Project("{888888A0-9F3D-457C-B088-3A5042F75D52}") = "Cubo Sort_2.0", "Cubo Sort_2.0\Cubo Sort_2.0.pyproj", "{313CB5FB-376D-41B9-B372-8BD164DF8238}"
EndProject
Global
	GlobalSection(SolutionConfigurationPlatforms) = preSolution
		Debug|Any CPU = Debug|Any CPU
		Release|Any CPU = Release|Any CPU
	EndGlobalSection
	GlobalSection(ProjectConfigurationPlatforms) = postSolution
		{313CB5FB-376D-41B9-B372-8BD164DF8238}.Debug|Any CPU.ActiveCfg = Debug|Any CPU
		{313CB5FB-376D-41B9-B372-8BD164DF8238}.Release|Any CPU.ActiveCfg = Release|Any CPU
	EndGlobalSection
	GlobalSection(SolutionProperties) = preSolution
		HideSolutionNode = FALSE
	EndGlobalSection
	GlobalSection(ExtensibilityGlobals) = postSolution
		SolutionGuid = {E57DCBB9-6C2F-429A-9B36-8F42C2F62E83}
	EndGlobalSection
EndGlobal
